
Microsoft Visual Studio Solution File, Format Version 12.00
# Visual Studio Version 16
VisualStudioVersion = 16.0.30011.22
MinimumVisualStudioVersion = 10.0.40219.1
Project("{FAE04EC0-301F-11D3-BF4B-00C04F79EFBC}") = "Automacao.Tests", "Automacao.Tests.csproj", "{4ECF1C85-BFC2-419C-BA23-A942EFB81E6D}"
EndProject
Global
	GlobalSection(SolutionConfigurationPlatforms) = preSolution
		Debug|Any CPU = Debug|Any CPU
		Release|Any CPU = Release|Any CPU
	EndGlobalSection
	GlobalSection(ProjectConfigurationPlatforms) = postSolution
		{4ECF1C85-BFC2-419C-BA23-A942EFB81E6D}.Debug|Any CPU.ActiveCfg = Debug|Any CPU
		{4ECF1C85-BFC2-419C-BA23-A942EFB81E6D}.Debug|Any CPU.Build.0 = Debug|Any CPU
		{4ECF1C85-BFC2-419C-BA23-A942EFB81E6D}.Release|Any CPU.ActiveCfg = Release|Any CPU
		{4ECF1C85-BFC2-419C-BA23-A942EFB81E6D}.Release|Any CPU.Build.0 = Release|Any CPU
	EndGlobalSection
	GlobalSection(SolutionProperties) = preSolution
		HideSolutionNode = FALSE
	EndGlobalSection
	GlobalSection(ExtensibilityGlobals) = postSolution
		SolutionGuid = {DA33169C-D261-46CA-A004-258A39B0306D}
	EndGlobalSection
EndGlobal
